
Microsoft Visual Studio Solution File, Format Version 12.00
# Visual Studio Version 17
VisualStudioVersion = 17.9.34728.123
MinimumVisualStudioVersion = 10.0.40219.1
Project("{FAE04EC0-301F-11D3-BF4B-00C04F79EFBC}") = "MeuSiteEmMVC", "MeuSiteEmMVC\MeuSiteEmMVC.csproj", "{2DA5998B-4F40-4677-9A39-2993BD71004B}"
EndProject
Global
	GlobalSection(SolutionConfigurationPlatforms) = preSolution
		Debug|Any CPU = Debug|Any CPU
		Release|Any CPU = Release|Any CPU
	EndGlobalSection
	GlobalSection(ProjectConfigurationPlatforms) = postSolution
		{2DA5998B-4F40-4677-9A39-2993BD71004B}.Debug|Any CPU.ActiveCfg = Debug|Any CPU
		{2DA5998B-4F40-4677-9A39-2993BD71004B}.Debug|Any CPU.Build.0 = Debug|Any CPU
		{2DA5998B-4F40-4677-9A39-2993BD71004B}.Release|Any CPU.ActiveCfg = Release|Any CPU
		{2DA5998B-4F40-4677-9A39-2993BD71004B}.Release|Any CPU.Build.0 = Release|Any CPU
	EndGlobalSection
	GlobalSection(SolutionProperties) = preSolution
		HideSolutionNode = FALSE
	EndGlobalSection
	GlobalSection(ExtensibilityGlobals) = postSolution
		SolutionGuid = {3E2F812B-921D-40C1-BB95-74542F8E4F41}
	EndGlobalSection
EndGlobal
